
Microsoft Visual Studio Solution File, Format Version 12.00
# Visual Studio Version 16
VisualStudioVersion = 16.0.31424.327
MinimumVisualStudioVersion = 10.0.40219.1
Project("{8BC9CEB8-8B4A-11D0-8D11-00A0C91BC942}") = "outputMLFilesDarknet", "outputMLFilesDarknet\outputMLFilesDarknet.vcxproj", "{B80FC9B1-9C9B-4E46-839A-AC4DFD91C48D}"
EndProject
Global
	GlobalSection(SolutionConfigurationPlatforms) = preSolution
		Debug|x64 = Debug|x64
		Debug|x86 = Debug|x86
		Release|x64 = Release|x64
		Release|x86 = Release|x86
	EndGlobalSection
	GlobalSection(ProjectConfigurationPlatforms) = postSolution
		{B80FC9B1-9C9B-4E46-839A-AC4DFD91C48D}.Debug|x64.ActiveCfg = Debug|x64
		{B80FC9B1-9C9B-4E46-839A-AC4DFD91C48D}.Debug|x64.Build.0 = Debug|x64
		{B80FC9B1-9C9B-4E46-839A-AC4DFD91C48D}.Debug|x86.ActiveCfg = Debug|Win32
		{B80FC9B1-9C9B-4E46-839A-AC4DFD91C48D}.Debug|x86.Build.0 = Debug|Win32
		{B80FC9B1-9C9B-4E46-839A-AC4DFD91C48D}.Release|x64.ActiveCfg = Release|x64
		{B80FC9B1-9C9B-4E46-839A-AC4DFD91C48D}.Release|x64.Build.0 = Release|x64
		{B80FC9B1-9C9B-4E46-839A-AC4DFD91C48D}.Release|x86.ActiveCfg = Release|Win32
		{B80FC9B1-9C9B-4E46-839A-AC4DFD91C48D}.Release|x86.Build.0 = Release|Win32
	EndGlobalSection
	GlobalSection(SolutionProperties) = preSolution
		HideSolutionNode = FALSE
	EndGlobalSection
	GlobalSection(ExtensibilityGlobals) = postSolution
		SolutionGuid = {DA0D106D-9D65-4C0B-80CE-77BCE0FC7CE7}
	EndGlobalSection
EndGlobal
